
Microsoft Visual Studio Solution File, Format Version 12.00
Project("{FAE04EC0-301F-11D3-BF4B-00C04F79EFBC}") = "ConsoleApp1", "ConsoleApp1\ConsoleApp1.csproj", "{93EE3078-5FA0-49E6-AFBB-1A0443A1FAB2}"
EndProject
Project("{FAE04EC0-301F-11D3-BF4B-00C04F79EFBC}") = "ConsoleApp2", "ConsoleApp2\ConsoleApp2.csproj", "{0F9E238E-3008-4C76-844B-0922F3354BE3}"
EndProject
Global
	GlobalSection(SolutionConfigurationPlatforms) = preSolution
		Debug|Any CPU = Debug|Any CPU
		Release|Any CPU = Release|Any CPU
	EndGlobalSection
	GlobalSection(ProjectConfigurationPlatforms) = postSolution
		{93EE3078-5FA0-49E6-AFBB-1A0443A1FAB2}.Debug|Any CPU.ActiveCfg = Debug|Any CPU
		{93EE3078-5FA0-49E6-AFBB-1A0443A1FAB2}.Debug|Any CPU.Build.0 = Debug|Any CPU
		{93EE3078-5FA0-49E6-AFBB-1A0443A1FAB2}.Release|Any CPU.ActiveCfg = Release|Any CPU
		{93EE3078-5FA0-49E6-AFBB-1A0443A1FAB2}.Release|Any CPU.Build.0 = Release|Any CPU
		{0F9E238E-3008-4C76-844B-0922F3354BE3}.Debug|Any CPU.ActiveCfg = Debug|Any CPU
		{0F9E238E-3008-4C76-844B-0922F3354BE3}.Debug|Any CPU.Build.0 = Debug|Any CPU
		{0F9E238E-3008-4C76-844B-0922F3354BE3}.Release|Any CPU.ActiveCfg = Release|Any CPU
		{0F9E238E-3008-4C76-844B-0922F3354BE3}.Release|Any CPU.Build.0 = Release|Any CPU
	EndGlobalSection
EndGlobal
